
Microsoft Visual Studio Solution File, Format Version 12.00
# Visual Studio Version 16
VisualStudioVersion = 16.0.31229.75
MinimumVisualStudioVersion = 10.0.40219.1
Project("{8BC9CEB8-8B4A-11D0-8D11-00A0C91BC942}") = "SK-Lib-locale.h-localeconv-Bagian4__C", "SK-Lib-locale.h-localeconv-Bagian4__C\SK-Lib-locale.h-localeconv-Bagian4__C.vcxproj", "{5FF9D693-625A-488B-9417-4F65F8CF19AD}"
EndProject
Global
	GlobalSection(SolutionConfigurationPlatforms) = preSolution
		Debug|x64 = Debug|x64
		Debug|x86 = Debug|x86
		Release|x64 = Release|x64
		Release|x86 = Release|x86
	EndGlobalSection
	GlobalSection(ProjectConfigurationPlatforms) = postSolution
		{5FF9D693-625A-488B-9417-4F65F8CF19AD}.Debug|x64.ActiveCfg = Debug|x64
		{5FF9D693-625A-488B-9417-4F65F8CF19AD}.Debug|x64.Build.0 = Debug|x64
		{5FF9D693-625A-488B-9417-4F65F8CF19AD}.Debug|x86.ActiveCfg = Debug|Win32
		{5FF9D693-625A-488B-9417-4F65F8CF19AD}.Debug|x86.Build.0 = Debug|Win32
		{5FF9D693-625A-488B-9417-4F65F8CF19AD}.Release|x64.ActiveCfg = Release|x64
		{5FF9D693-625A-488B-9417-4F65F8CF19AD}.Release|x64.Build.0 = Release|x64
		{5FF9D693-625A-488B-9417-4F65F8CF19AD}.Release|x86.ActiveCfg = Release|Win32
		{5FF9D693-625A-488B-9417-4F65F8CF19AD}.Release|x86.Build.0 = Release|Win32
	EndGlobalSection
	GlobalSection(SolutionProperties) = preSolution
		HideSolutionNode = FALSE
	EndGlobalSection
	GlobalSection(ExtensibilityGlobals) = postSolution
		SolutionGuid = {6D2D54D2-8E50-42A6-842A-BF218EC55E39}
	EndGlobalSection
EndGlobal
